# This file is generated by running "yarn install" inside your project.
# Manual changes might be lost - proceed with caution!

__metadata:
  version: 4
  cacheKey: 7

"@types/node@npm:^15.0.2":
  version: 15.0.2
  resolution: "@types/node@npm:15.0.2"
  checksum: ea8dd741bf16ad3318cca505783b7c211a5c8bea49202f99ba88d2ce8a804e994e1fd1b575b994e434e8b8ead810da966d588ea112998f8fe8d95cd74c396f8a
  languageName: node
  linkType: hard

"JSONStream@npm:^1.3.5":
  version: 1.3.5
  resolution: "JSONStream@npm:1.3.5"
  dependencies:
    jsonparse: ^1.2.0
    through: ">=2.2.7 <3"
  bin:
    JSONStream: ./bin.js
  checksum: e9849f8a52cde19c95d7fbf0bdab7bde1f31c9fbf2062e47044817eeebb31217c99aaa041366f377243aa852c64fa144c4397ef76965d6491eb47827464d8479
  languageName: node
  linkType: hard

"accepts@npm:^1.3.7":
  version: 1.3.7
  resolution: "accepts@npm:1.3.7"
  dependencies:
    mime-types: ~2.1.24
    negotiator: 0.6.2
  checksum: 2686fa30dbc850db1bf458dc8171fba13c54ed6cb25f4298ec7c2f88b8dfc50351f25c40abe3a948e4ec7a0cc8ea83d1c55c2f73ffa612d18840a8778d4a2ee0
  languageName: node
  linkType: hard

"acorn@npm:^8.2.2":
  version: 8.2.4
  resolution: "acorn@npm:8.2.4"
  bin:
    acorn: bin/acorn
  checksum: 6879266ea9ba4ece99afb4ab4f3ac6eaa3cf866cee40651ca90cde0b1fd5c6954d2006c54877c83287d5d38700327cbd6bda028b6fbb1daa346c7034f18147c2
  languageName: node
  linkType: hard

"adm-zip@npm:^0.5.5":
  version: 0.5.5
  resolution: "adm-zip@npm:0.5.5"
  checksum: ad9514161538bcf29137c55326fb71494977eba4642d1c87cd92929fff97683f106917561c3b6aba3cb7b1919586cfb5008f4cf381fcb4af0ed7c6f02a4ef295
  languageName: node
  linkType: hard

"ajv@npm:^8.2.0":
  version: 8.2.0
  resolution: "ajv@npm:8.2.0"
  dependencies:
    fast-deep-equal: ^3.1.1
    json-schema-traverse: ^1.0.0
    require-from-string: ^2.0.2
    uri-js: ^4.2.2
  checksum: 949f891686134c49c9c98c401d29ccd9e0cbd5d2c76163edd21c3c6bea694a4f7e5108fdc0c55b4cc90de85c93a9356fc30b3a7fab222721db3e38c585c61053
  languageName: node
  linkType: hard

"amqplib@npm:^0.7.1":
  version: 0.7.1
  resolution: "amqplib@npm:0.7.1"
  dependencies:
    bitsyntax: ~0.1.0
    bluebird: ^3.7.2
    buffer-more-ints: ~1.0.0
    readable-stream: 1.x >=1.1.9
    safe-buffer: ~5.2.1
    url-parse: ~1.5.1
  checksum: e47dbb689863b0dffae6d250c2ab66b81d58399e7259d4927cb0b6df30f2d689820f719840806748e0928318a47b856d688e0c6c2fa58705b47a97fbdc4124bf
  languageName: node
  linkType: hard

"angular-animate@npm:^1.8.2":
  version: 1.8.2
  resolution: "angular-animate@npm:1.8.2"
  checksum: 20c4500c2aa7a47dcc03043ee9e2e008d221bcf0367ec542597e75a69b91dd7e606c059bc796f4ee6c43df34b15ae2ca72d87468b5bc4f1b25de043181c1878d
  languageName: node
  linkType: hard

"angular@npm:^1.8.2":
  version: 1.8.2
  resolution: "angular@npm:1.8.2"
  checksum: 50de9ad79258349bd97a8701b796dffef301ab316289628623158165e21e0f14a78cf9c98ffa11049729f76c4a7765ed684ebe7e3626f5cbc70d8a5f2da24e74
  languageName: node
  linkType: hard

"ansi-colors@npm:^4.1.1":
  version: 4.1.1
  resolution: "ansi-colors@npm:4.1.1"
  checksum: 50d8dfbce25602caea1b170ecf4c71c4c9c58d2d1e3186fb5712848c0610d05fe60b8bb6a9eaebd9b54f1db3baf6f603e04214cce597cc7799bc9f47fd9a797a
  languageName: node
  linkType: hard

"bitsyntax@npm:~0.1.0":
  version: 0.1.0
  resolution: "bitsyntax@npm:0.1.0"
  dependencies:
    buffer-more-ints: ~1.0.0
    debug: ~2.6.9
    safe-buffer: ~5.1.2
  checksum: 2957c0ea6f6216a2d840e289a14a32a86c635ddeb55c7f99175da826227d92bf2cead330321bfe2b196af87cd76f1dc1cfe9c5d616c298a85fa418cf59cf66dd
  languageName: node
  linkType: hard

"bluebird@npm:^3.7.2":
  version: 3.7.2
  resolution: "bluebird@npm:3.7.2"
  checksum: 4f2288662f3d4eadbb82d4daa4a7d7976a28fa3c7eb4102c9b4033b03e5be4574ba123ac52a7c103cde4cb7b2d2afc1dbe41817ca15a29ff21ecd258d0286047
  languageName: node
  linkType: hard

"buffer-more-ints@npm:~1.0.0":
  version: 1.0.0
  resolution: "buffer-more-ints@npm:1.0.0"
  checksum: 50c65dfc152b68b067b140f3c0aa9c62353ec0628604bd0dcacba5b5bc43fe8cae46745153c37d9ab80478223de7db2e17b20aba826c3cf2443a1e76d5ad064c
  languageName: node
  linkType: hard

"core-util-is@npm:~1.0.0":
  version: 1.0.2
  resolution: "core-util-is@npm:1.0.2"
  checksum: 089015ee3c462dfceba70faa1df83b42a7bb35db26dae6af283247b06fe3216c65fccd9f00eebcaf98300dc31e981d56aae9f90b624f8f6ff1153e235ff88b65
  languageName: node
  linkType: hard

"debug@npm:~2.6.9":
  version: 2.6.9
  resolution: "debug@npm:2.6.9"
  dependencies:
    ms: 2.0.0
  checksum: 559f44f98cf25e2ee489022aec173afbff746564cb108c4493becb95bc3c017a67bdaa25a0ff64801fd32c35051d00af0e56cc7f762ae2c3bc089496e5a1c31b
  languageName: node
  linkType: hard

"fast-deep-equal@npm:^3.1.1":
  version: 3.1.3
  resolution: "fast-deep-equal@npm:3.1.3"
  checksum: 451526766b219503131d11e823eaadd1533080b0be4860e316670b039dcaf31cd1007c2fe036a9b922abba7c040dfad5e942ed79d21f2ff849e50049f36e0fb7
  languageName: node
  linkType: hard

"inherits@npm:~2.0.1":
  version: 2.0.4
  resolution: "inherits@npm:2.0.4"
  checksum: 98426da247ddfc3dcd7d7daedd90c3ca32d5b08deca08949726f12d49232aef94772a07b36cf4ff833e105ae2ef931777f6de4a6dd8245a216b9299ad4a50bea
  languageName: node
  linkType: hard

"isarray@npm:0.0.1":
  version: 0.0.1
  resolution: "isarray@npm:0.0.1"
  checksum: daeda3c23646200b0b464b7a9030d10008d7701fc6b7a1b45cafe42b4f4d2dde20835b56f19a49e04bb218245b7f7a2bcc6d0f696cff3711e4eddaa2031c611f
  languageName: node
  linkType: hard

"json-schema-traverse@npm:^1.0.0":
  version: 1.0.0
  resolution: "json-schema-traverse@npm:1.0.0"
  checksum: 7a230bcd927f5bf41b33a822121730a225ac287e14d7e8abc94f4cbc36743f6e09455549abaada7029844f7e88a9fd693a023ec76296df17488746acb1e5a388
  languageName: node
  linkType: hard

"jsonparse@npm:^1.2.0":
  version: 1.3.1
  resolution: "jsonparse@npm:1.3.1"
  checksum: 6669acd7b39cdc4a4cbb078d1a19d2a07cb81651d5045b907b4d067e5c453d060a274f348b53c51ed817456f1cdfc709a13a76ca47c8304547f03843c043ebcb
  languageName: node
  linkType: hard

"mime-db@npm:1.47.0":
  version: 1.47.0
  resolution: "mime-db@npm:1.47.0"
  checksum: f5f9220dd53c240c9234323571f632486c663e36676ebfdca9963fb9a92d1dd28b16124bceff60868fb70743764ade8466dd5e6a1a833decde89ae6d15211503
  languageName: node
  linkType: hard

"mime-types@npm:~2.1.24":
  version: 2.1.30
  resolution: "mime-types@npm:2.1.30"
  dependencies:
    mime-db: 1.47.0
  checksum: c7ca8a9980bdae0b760820aded39ea9541a8236f4abc105df645ea5b09a9c4a5299e28667c0c9596ab8e4ca84b219fd8b94b5c68e32b59891ca1f57a7e848c02
  languageName: node
  linkType: hard

"ms@npm:2.0.0":
  version: 2.0.0
  resolution: "ms@npm:2.0.0"
  checksum: 1a230340cc7f322fbe916783d8c8d60455407c6b7fb7f901d6ee34eb272402302c5c7f070a97b8531245cbb4ca6a0a623f6a128d7e5a5440cefa2c669c0b35bb
  languageName: node
  linkType: hard

"negotiator@npm:0.6.2":
  version: 0.6.2
  resolution: "negotiator@npm:0.6.2"
  checksum: 4b230bd15f0862d16c54ce0243fcfcf835ad59c8e58c467b4504dd28c9868cff71ff485b02cc575dc69dca819b58a1fadc9fb28403f45721f38a8fffde007d54
  languageName: node
  linkType: hard

"punycode@npm:^2.1.0":
  version: 2.1.1
  resolution: "punycode@npm:2.1.1"
  checksum: 0202dc191cb35bfd88870ac99a1e824b03486d4cee20b543ef337a6dee8d8b11017da32a3e4c40b69b19976e982c030b62bd72bba42884acb691bc5ef91354c8
  languageName: node
  linkType: hard

"querystringify@npm:^2.1.1":
  version: 2.2.0
  resolution: "querystringify@npm:2.2.0"
  checksum: 6235036be3aedff7919dfc06b23f759264915c5794c6352d52a917401d40d2b9bb43b1d82e4e5be983e469aa320e06992aefc218192f6fa1d9eba4f54dc4786c
  languageName: node
  linkType: hard

"readable-stream@npm:1.x >=1.1.9":
  version: 1.1.14
  resolution: "readable-stream@npm:1.1.14"
  dependencies:
    core-util-is: ~1.0.0
    inherits: ~2.0.1
    isarray: 0.0.1
    string_decoder: ~0.10.x
  checksum: e4c30b6b8495c11fc83e1b5fcb03b378127d93c953413973a25500991d0bf2b2e158e329d0f56d294e24a61c7751b874570158f24f97ebacb8a5f2fdcc05a0ec
  languageName: node
  linkType: hard

"require-from-string@npm:^2.0.2":
  version: 2.0.2
  resolution: "require-from-string@npm:2.0.2"
  checksum: 74fc30353e5d526879b28d480c3f25ca95e9c22dfe7ac10ca0650e03407b3aeed352ff8ca706ea145617b6482a582e4a3bd65a884fc50133ebe586d47fa085c6
  languageName: node
  linkType: hard

"requires-port@npm:^1.0.0":
  version: 1.0.0
  resolution: "requires-port@npm:1.0.0"
  checksum: 0db25fb2ac9b4f2345a350846b7ba99d1f25a6686b1728246d14f05450c8f2fc066bdfae4561b4be2627c184a030a27e17268cfefdf46836e271db13734bc49e
  languageName: node
  linkType: hard

"safe-buffer@npm:~5.1.2":
  version: 5.1.2
  resolution: "safe-buffer@npm:5.1.2"
  checksum: 2708587c1b5e70a5e420714ceb59f30f5791c6e831d39812125a008eca63a4ac18578abd020a0776ea497ff03b4543f2b2a223a7b9073bf2d6c7af9ec6829218
  languageName: node
  linkType: hard

"safe-buffer@npm:~5.2.1":
  version: 5.2.1
  resolution: "safe-buffer@npm:5.2.1"
  checksum: 0bb57f0d8f9d1fa4fe35ad8a2db1f83a027d48f2822d59ede88fd5cd4ddad83c0b497213feb7a70fbf90597a70c5217f735b0eb1850df40ce9b4ae81dd22b3f9
  languageName: node
  linkType: hard

"string_decoder@npm:~0.10.x":
  version: 0.10.31
  resolution: "string_decoder@npm:0.10.31"
  checksum: ae53bca3796913fe686c6b519299a3631d04f0d388f35e7412914e3d351024f711d783d0415babfec276f5f533e84fae687e77220829d872fadb5bb9f7190890
  languageName: node
  linkType: hard

"through@npm:>=2.2.7 <3":
  version: 2.3.8
  resolution: "through@npm:2.3.8"
  checksum: 918d9151680b5355990011eb8c4b02e8cb8cf6e9fb6ea3d3e5a1faa688343789e261634ae35de4ea9167ab029d1e7bac6af2fe61b843931768d405fdc3e8897c
  languageName: node
  linkType: hard

"uri-js@npm:^4.2.2":
  version: 4.4.1
  resolution: "uri-js@npm:4.4.1"
  dependencies:
    punycode: ^2.1.0
  checksum: 7d8ae8e2d7b82480d7d337f3e53c9a89ffdc7ebb1c31f212da3df6349f2fd1e6a4361f5fb27369ecab33fa37aa85edc53aec6eb7c9a7c3207a9e0944e8c48802
  languageName: node
  linkType: hard

"url-parse@npm:~1.5.1":
  version: 1.5.1
  resolution: "url-parse@npm:1.5.1"
  dependencies:
    querystringify: ^2.1.1
    requires-port: ^1.0.0
  checksum: d8342b597bf1760c4b9e3c78458524d783fa1c901658f3db8b576fc73451c89e6686d218ddca4845b082a63b23971b4a8b916cccc91f4156cc9f97ffdabe0079
  languageName: node
  linkType: hard

"yarn2-with-many-deps@workspace:.":
  version: 0.0.0-use.local
  resolution: "yarn2-with-many-deps@workspace:."
  dependencies:
    "@types/node": ^15.0.2
    JSONStream: ^1.3.5
    accepts: ^1.3.7
    acorn: ^8.2.2
    adm-zip: ^0.5.5
    ajv: ^8.2.0
    amqplib: ^0.7.1
    angular: ^1.8.2
    angular-animate: ^1.8.2
    ansi-colors: ^4.1.1
  languageName: unknown
  linkType: soft
